// !$*UTF8*$!
{
	archiveVersion = 1;
	classes = {
	};
	objectVersion = 46;
	objects = {

/* Begin PBXBuildFile section */
		96F0545B1BB211710069E469 /* AppDelegate.swift in Sources */ = {isa = PBXBuildFile; fileRef = 96F0545A1BB211710069E469 /* AppDelegate.swift */; };
		96F054601BB211710069E469 /* Main.storyboard in Resources */ = {isa = PBXBuildFile; fileRef = 96F0545E1BB211710069E469 /* Main.storyboard */; };
		96F054621BB211710069E469 /* Assets.xcassets in Resources */ = {isa = PBXBuildFile; fileRef = 96F054611BB211710069E469 /* Assets.xcassets */; };
		96F054651BB211710069E469 /* LaunchScreen.storyboard in Resources */ = {isa = PBXBuildFile; fileRef = 96F054631BB211710069E469 /* LaunchScreen.storyboard */; };
		96F0546D1BB214B20069E469 /* CustomCollectionViewCell.swift in Sources */ = {isa = PBXBuildFile; fileRef = 96F0546C1BB214B20069E469 /* CustomCollectionViewCell.swift */; };
		96F0546F1BB215A30069E469 /* CustomCollectionViewController.swift in Sources */ = {isa = PBXBuildFile; fileRef = 96F0546E1BB215A30069E469 /* CustomCollectionViewController.swift */; };
		96F054711BB220BB0069E469 /* DetailViewController.swift in Sources */ = {isa = PBXBuildFile; fileRef = 96F054701BB220BB0069E469 /* DetailViewController.swift */; };
/* End PBXBuildFile section */

/* Begin PBXFileReference section */
		96F054571BB211710069E469 /* CollectionViewSwiftTest.app */ = {isa = PBXFileReference; explicitFileType = wrapper.application; includeInIndex = 0; path = CollectionViewSwiftTest.app; sourceTree = BUILT_PRODUCTS_DIR; };
		96F0545A1BB211710069E469 /* AppDelegate.swift */ = {isa = PBXFileReference; lastKnownFileType = sourcecode.swift; path = AppDelegate.swift; sourceTree = "<group>"; };
		96F0545F1BB211710069E469 /* Base */ = {isa = PBXFileReference; lastKnownFileType = file.storyboard; name = Base; path = Base.lproj/Main.storyboard; sourceTree = "<group>"; };
		96F054611BB211710069E469 /* Assets.xcassets */ = {isa = PBXFileReference; lastKnownFileType = folder.assetcatalog; path = Assets.xcassets; sourceTree = "<group>"; };
		96F054641BB211710069E469 /* Base */ = {isa = PBXFileReference; lastKnownFileType = file.storyboard; name = Base; path = Base.lproj/LaunchScreen.storyboard; sourceTree = "<group>"; };
		96F054661BB211710069E469 /* Info.plist */ = {isa = PBXFileReference; lastKnownFileType = text.plist.xml; path = Info.plist; sourceTree = "<group>"; };
		96F0546C1BB214B20069E469 /* CustomCollectionViewCell.swift */ = {isa = PBXFileReference; fileEncoding = 4; lastKnownFileType = sourcecode.swift; path = CustomCollectionViewCell.swift; sourceTree = "<group>"; };
		96F0546E1BB215A30069E469 /* CustomCollectionViewController.swift */ = {isa = PBXFileReference; fileEncoding = 4; lastKnownFileType = sourcecode.swift; path = CustomCollectionViewController.swift; sourceTree = "<group>"; };
		96F054701BB220BB0069E469 /* DetailViewController.swift */ = {isa = PBXFileReference; fileEncoding = 4; lastKnownFileType = sourcecode.swift; path = DetailViewController.swift; sourceTree = "<group>"; };
/* End PBXFileReference section */

/* Begin PBXFrameworksBuildPhase section */
		96F054541BB211710069E469 /* Frameworks */ = {
			isa = PBXFrameworksBuildPhase;
			buildActionMask = 2147483647;
			files = (
			);
			runOnlyForDeploymentPostprocessing = 0;
		};
/* End PBXFrameworksBuildPhase section */

/* Begin PBXGroup section */
		96F0544E1BB211710069E469 = {
			isa = PBXGroup;
			children = (
				96F054591BB211710069E469 /* CollectionViewSwiftTest */,
				96F054581BB211710069E469 /* Products */,
			);
			sourceTree = "<group>";
		};
		96F054581BB211710069E469 /* Products */ = {
			isa = PBXGroup;
			children = (
				96F054571BB211710069E469 /* CollectionViewSwiftTest.app */,
			);
			name = Products;
			sourceTree = "<group>";
		};
		96F054591BB211710069E469 /* CollectionViewSwiftTest */ = {
			isa = PBXGroup;
			children = (
				96F0545A1BB211710069E469 /* AppDelegate.swift */,
				96F0546E1BB215A30069E469 /* CustomCollectionViewController.swift */,
				96F0546C1BB214B20069E469 /* CustomCollectionViewCell.swift */,
				96F054701BB220BB0069E469 /* DetailViewController.swift */,
				96F0545E1BB211710069E469 /* Main.storyboard */,
				96F054611BB211710069E469 /* Assets.xcassets */,
				96F054631BB211710069E469 /* LaunchScreen.storyboard */,
				96F054661BB211710069E469 /* Info.plist */,
			);
			path = CollectionViewSwiftTest;
			sourceTree = "<group>";
		};
/* End PBXGroup section */

/* Begin PBXNativeTarget section */
		96F054561BB211710069E469 /* CollectionViewSwiftTest */ = {
			isa = PBXNativeTarget;
			buildConfigurationList = 96F054691BB211710069E469 /* Build configuration list for PBXNativeTarget "CollectionViewSwiftTest" */;
			buildPhases = (
				96F054531BB211710069E469 /* Sources */,
				96F054541BB211710069E469 /* Frameworks */,
				96F054551BB211710069E469 /* Resources */,
			);
			buildRules = (
			);
			dependencies = (
			);
			name = CollectionViewSwiftTest;
			productName = CollectionViewSwiftTest;
			productReference = 96F054571BB211710069E469 /* CollectionViewSwiftTest.app */;
			productType = "com.apple.product-type.application";
		};
/* End PBXNativeTarget section */

/* Begin PBXProject section */
		96F0544F1BB211710069E469 /* Project object */ = {
			isa = PBXProject;
			attributes = {
				LastSwiftUpdateCheck = 0710;
				LastUpgradeCheck = 0700;
				ORGANIZATIONNAME = JeanCarlos;
				TargetAttributes = {
					96F054561BB211710069E469 = {
						CreatedOnToolsVersion = 7.0;
					};
				};
			};
			buildConfigurationList = 96F054521BB211710069E469 /* Build configuration list for PBXProject "CollectionViewSwiftTest" */;
			compatibilityVersion = "Xcode 3.2";
			developmentRegion = English;
			hasScannedForEncodings = 0;
			knownRegions = (
				en,
				Base,
			);
			mainGroup = 96F0544E1BB211710069E469;
			productRefGroup = 96F054581BB211710069E469 /* Products */;
			projectDirPath = "";
			projectRoot = "";
			targets = (
				96F054561BB211710069E469 /* CollectionViewSwiftTest */,
			);
		};
/* End PBXProject section */

/* Begin PBXResourcesBuildPhase section */
		96F054551BB211710069E469 /* Resources */ = {
			isa = PBXResourcesBuildPhase;
			buildActionMask = 2147483647;
			files = (
				96F054651BB211710069E469 /* LaunchScreen.storyboard in Resources */,
				96F054621BB211710069E469 /* Assets.xcassets in Resources */,
				96F054601BB211710069E469 /* Main.storyboard in Resources */,
			);
			runOnlyForDeploymentPostprocessing = 0;
		};
/* End PBXResourcesBuildPhase section */

/* Begin PBXSourcesBuildPhase section */
		96F054531BB211710069E469 /* Sources */ = {
			isa = PBXSourcesBuildPhase;
			buildActionMask = 2147483647;
			files = (
				96F0546D1BB214B20069E469 /* CustomCollectionViewCell.swift in Sources */,
				96F0545B1BB211710069E469 /* AppDelegate.swift in Sources */,
				96F0546F1BB215A30069E469 /* CustomCollectionViewController.swift in Sources */,
				96F054711BB220BB0069E469 /* DetailViewController.swift in Sources */,
			);
			runOnlyForDeploymentPostprocessing = 0;
		};
/* End PBXSourcesBuildPhase section */

/* Begin PBXVariantGroup section */
		96F0545E1BB211710069E469 /* Main.storyboard */ = {
			isa = PBXVariantGroup;
			children = (
				96F0545F1BB211710069E469 /* Base */,
			);
			name = Main.storyboard;
			sourceTree = "<group>";
		};
		96F054631BB211710069E469 /* LaunchScreen.storyboard */ = {
			isa = PBXVariantGroup;
			children = (
				96F054641BB211710069E469 /* Base */,
			);
			name = LaunchScreen.storyboard;
			sourceTree = "<group>";
		};
/* End PBXVariantGroup section */

/* Begin XCBuildConfiguration section */
		96F054671BB211710069E469 /* Debug */ = {
			isa = XCBuildConfiguration;
			buildSettings = {
				ALWAYS_SEARCH_USER_PATHS = NO;
				CLANG_CXX_LANGUAGE_STANDARD = "gnu++0x";
				CLANG_CXX_LIBRARY = "libc++";
				CLANG_ENABLE_MODULES = YES;
				CLANG_ENABLE_OBJC_ARC = YES;
				CLANG_WARN_BOOL_CONVERSION = YES;
				CLANG_WARN_CONSTANT_CONVERSION = YES;
				CLANG_WARN_DIRECT_OBJC_ISA_USAGE = YES_ERROR;
				CLANG_WARN_EMPTY_BODY = YES;
				CLANG_WARN_ENUM_CONVERSION = YES;
				CLANG_WARN_INT_CONVERSION = YES;
				CLANG_WARN_OBJC_ROOT_CLASS = YES_ERROR;
				CLANG_WARN_UNREACHABLE_CODE = YES;
				CLANG_WARN__DUPLICATE_METHOD_MATCH = YES;
				"CODE_SIGN_IDENTITY[sdk=iphoneos*]" = "iPhone Developer";
				COPY_PHASE_STRIP = NO;
				DEBUG_INFORMATION_FORMAT = dwarf;
				ENABLE_STRICT_OBJC_MSGSEND = YES;
				ENABLE_TESTABILITY = YES;
				GCC_C_LANGUAGE_STANDARD = gnu99;
				GCC_DYNAMIC_NO_PIC = NO;
				GCC_NO_COMMON_BLOCKS = YES;
				GCC_OPTIMIZATION_LEVEL = 0;
				GCC_PREPROCESSOR_DEFINITIONS = (
					"DEBUG=1",
					"$(inherited)",
				);
				GCC_WARN_64_TO_32_BIT_CONVERSION = YES;
				GCC_WARN_ABOUT_RETURN_TYPE = YES_ERROR;
				GCC_WARN_UNDECLARED_SELECTOR = YES;
				GCC_WARN_UNINITIALIZED_AUTOS = YES_AGGRESSIVE;
				GCC_WARN_UNUSED_FUNCTION = YES;
				GCC_WARN_UNUSED_VARIABLE = YES;
				IPHONEOS_DEPLOYMENT_TARGET = 9.0;
				MTL_ENABLE_DEBUG_INFO = YES;
				ONLY_ACTIVE_ARCH = YES;
				SDKROOT = iphoneos;
				SWIFT_OPTIMIZATION_LEVEL = "-Onone";
				TARGETED_DEVICE_FAMILY = "1,2";
			};
			name = Debug;
		};
		96F054681BB211710069E469 /* Release */ = {
			isa = XCBuildConfiguration;
			buildSettings = {
				ALWAYS_SEARCH_USER_PATHS = NO;
				CLANG_CXX_LANGUAGE_STANDARD = "gnu++0x";
				CLANG_CXX_LIBRARY = "libc++";
				CLANG_ENABLE_MODULES = YES;
				CLANG_ENABLE_OBJC_ARC = YES;
				CLANG_WARN_BOOL_CONVERSION = YES;
				CLANG_WARN_CONSTANT_CONVERSION = YES;
				CLANG_WARN_DIRECT_OBJC_ISA_USAGE = YES_ERROR;
				CLANG_WARN_EMPTY_BODY = YES;
				CLANG_WARN_ENUM_CONVERSION = YES;
				CLANG_WARN_INT_CONVERSION = YES;
				CLANG_WARN_OBJC_ROOT_CLASS = YES_ERROR;
				CLANG_WARN_UNREACHABLE_CODE = YES;
				CLANG_WARN__DUPLICATE_METHOD_MATCH = YES;
				"CODE_SIGN_IDENTITY[sdk=iphoneos*]" = "iPhone Developer";
				COPY_PHASE_STRIP = NO;
				DEBUG_INFORMATION_FORMAT = "dwarf-with-dsym";
				ENABLE_NS_ASSERTIONS = NO;
				ENABLE_STRICT_OBJC_MSGSEND = YES;
				GCC_C_LANGUAGE_STANDARD = gnu99;
				GCC_NO_COMMON_BLOCKS = YES;
				GCC_WARN_64_TO_32_BIT_CONVERSION = YES;
				GCC_WARN_ABOUT_RETURN_TYPE = YES_ERROR;
				GCC_WARN_UNDECLARED_SELECTOR = YES;
				GCC_WARN_UNINITIALIZED_AUTOS = YES_AGGRESSIVE;
				GCC_WARN_UNUSED_FUNCTION = YES;
				GCC_WARN_UNUSED_VARIABLE = YES;
				IPHONEOS_DEPLOYMENT_TARGET = 9.0;
				MTL_ENABLE_DEBUG_INFO = NO;
				SDKROOT = iphoneos;
				TARGETED_DEVICE_FAMILY = "1,2";
				VALIDATE_PRODUCT = YES;
			};
			name = Release;
		};
		96F0546A1BB211710069E469 /* Debug */ = {
			isa = XCBuildConfiguration;
			buildSettings = {
				ASSETCATALOG_COMPILER_APPICON_NAME = AppIcon;
				INFOPLIST_FILE = CollectionViewSwiftTest/Info.plist;
				LD_RUNPATH_SEARCH_PATHS = "$(inherited) @executable_path/Frameworks";
				PRODUCT_BUNDLE_IDENTIFIER = com.test.CollectionViewSwiftTest;
				PRODUCT_NAME = "$(TARGET_NAME)";
			};
			name = Debug;
		};
		96F0546B1BB211710069E469 /* Release */ = {
			isa = XCBuildConfiguration;
			buildSettings = {
				ASSETCATALOG_COMPILER_APPICON_NAME = AppIcon;
				INFOPLIST_FILE = CollectionViewSwiftTest/Info.plist;
				LD_RUNPATH_SEARCH_PATHS = "$(inherited) @executable_path/Frameworks";
				PRODUCT_BUNDLE_IDENTIFIER = com.test.CollectionViewSwiftTest;
				PRODUCT_NAME = "$(TARGET_NAME)";
			};
			name = Release;
		};
/* End XCBuildConfiguration section */

/* Begin XCConfigurationList section */
		96F054521BB211710069E469 /* Build configuration list for PBXProject "CollectionViewSwiftTest" */ = {
			isa = XCConfigurationList;
			buildConfigurations = (
				96F054671BB211710069E469 /* Debug */,
				96F054681BB211710069E469 /* Release */,
			);
			defaultConfigurationIsVisible = 0;
			defaultConfigurationName = Release;
		};
		96F054691BB211710069E469 /* Build configuration list for PBXNativeTarget "CollectionViewSwiftTest" */ = {
			isa = XCConfigurationList;
			buildConfigurations = (
				96F0546A1BB211710069E469 /* Debug */,
				96F0546B1BB211710069E469 /* Release */,
			);
			defaultConfigurationIsVisible = 0;
			defaultConfigurationName = Release;
		};
/* End XCConfigurationList section */
	};
	rootObject = 96F0544F1BB211710069E469 /* Project object */;
}
